
Microsoft Visual Studio Solution File, Format Version 11.00
# Visual Studio 2010
Project("{FAE04EC0-301F-11D3-BF4B-00C04F79EFBC}") = "Model", "src\Model\Model.csproj", "{CE08B7A7-69F3-496A-884D-6566C471D356}"
EndProject
Project("{FAE04EC0-301F-11D3-BF4B-00C04F79EFBC}") = "Test", "src\Test\Test.csproj", "{6163A5CE-32CC-4580-B7FE-B06244782833}"
EndProject
Global
	GlobalSection(SolutionConfigurationPlatforms) = preSolution
		Debug|Any CPU = Debug|Any CPU
		Release|Any CPU = Release|Any CPU
	EndGlobalSection
	GlobalSection(ProjectConfigurationPlatforms) = postSolution
		{CE08B7A7-69F3-496A-884D-6566C471D356}.Debug|Any CPU.ActiveCfg = Debug|Any CPU
		{CE08B7A7-69F3-496A-884D-6566C471D356}.Debug|Any CPU.Build.0 = Debug|Any CPU
		{CE08B7A7-69F3-496A-884D-6566C471D356}.Release|Any CPU.ActiveCfg = Release|Any CPU
		{CE08B7A7-69F3-496A-884D-6566C471D356}.Release|Any CPU.Build.0 = Release|Any CPU
		{6163A5CE-32CC-4580-B7FE-B06244782833}.Debug|Any CPU.ActiveCfg = Debug|Any CPU
		{6163A5CE-32CC-4580-B7FE-B06244782833}.Debug|Any CPU.Build.0 = Debug|Any CPU
		{6163A5CE-32CC-4580-B7FE-B06244782833}.Release|Any CPU.ActiveCfg = Release|Any CPU
		{6163A5CE-32CC-4580-B7FE-B06244782833}.Release|Any CPU.Build.0 = Release|Any CPU
	EndGlobalSection
	GlobalSection(SolutionProperties) = preSolution
		HideSolutionNode = FALSE
	EndGlobalSection
EndGlobal
